
Microsoft Visual Studio Solution File, Format Version 12.00
# Visual Studio Version 17
VisualStudioVersion = 17.0.31903.59
MinimumVisualStudioVersion = 10.0.40219.1
Project("{F2A71F9B-5D33-465A-A702-920D77279786}") = "Asgn9", "Asgn9\Asgn9.fsproj", "{268BD429-92EE-4487-8A78-96CA1C2AEE88}"
EndProject
Project("{F2A71F9B-5D33-465A-A702-920D77279786}") = "Asgn9.Tests", "Asgn9.Tests\Asgn9.Tests.fsproj", "{77E9864A-0125-40C9-86B8-20DDAA8BDB74}"
EndProject
Global
	GlobalSection(SolutionConfigurationPlatforms) = preSolution
		Debug|Any CPU = Debug|Any CPU
		Release|Any CPU = Release|Any CPU
	EndGlobalSection
	GlobalSection(SolutionProperties) = preSolution
		HideSolutionNode = FALSE
	EndGlobalSection
	GlobalSection(ProjectConfigurationPlatforms) = postSolution
		{268BD429-92EE-4487-8A78-96CA1C2AEE88}.Debug|Any CPU.ActiveCfg = Debug|Any CPU
		{268BD429-92EE-4487-8A78-96CA1C2AEE88}.Debug|Any CPU.Build.0 = Debug|Any CPU
		{268BD429-92EE-4487-8A78-96CA1C2AEE88}.Release|Any CPU.ActiveCfg = Release|Any CPU
		{268BD429-92EE-4487-8A78-96CA1C2AEE88}.Release|Any CPU.Build.0 = Release|Any CPU
		{77E9864A-0125-40C9-86B8-20DDAA8BDB74}.Debug|Any CPU.ActiveCfg = Debug|Any CPU
		{77E9864A-0125-40C9-86B8-20DDAA8BDB74}.Debug|Any CPU.Build.0 = Debug|Any CPU
		{77E9864A-0125-40C9-86B8-20DDAA8BDB74}.Release|Any CPU.ActiveCfg = Release|Any CPU
		{77E9864A-0125-40C9-86B8-20DDAA8BDB74}.Release|Any CPU.Build.0 = Release|Any CPU
	EndGlobalSection
EndGlobal
